
Microsoft Visual Studio Solution File, Format Version 12.00
# Visual Studio Version 17
VisualStudioVersion = 17.14.36301.6
MinimumVisualStudioVersion = 10.0.40219.1
Project("{FAE04EC0-301F-11D3-BF4B-00C04F79EFBC}") = "Linked_List", "Linked_List\Linked_List.csproj", "{B60A00D0-E24F-4DBD-8F9D-5B76E205AD6E}"
EndProject
Project("{FAE04EC0-301F-11D3-BF4B-00C04F79EFBC}") = "ReverseLinkedList", "ReverseLinkedList\ReverseLinkedList.csproj", "{B81E5BC9-1E31-455B-9C95-E15CEB50BE7D}"
EndProject
Project("{FAE04EC0-301F-11D3-BF4B-00C04F79EFBC}") = "middle-of-the-linked-list", "middle-of-the-linked-list\middle-of-the-linked-list.csproj", "{F5AA28EE-6D99-4E3A-8EAC-F47AEB1ECE1C}"
EndProject
Global
	GlobalSection(SolutionConfigurationPlatforms) = preSolution
		Debug|Any CPU = Debug|Any CPU
		Release|Any CPU = Release|Any CPU
	EndGlobalSection
	GlobalSection(ProjectConfigurationPlatforms) = postSolution
		{B60A00D0-E24F-4DBD-8F9D-5B76E205AD6E}.Debug|Any CPU.ActiveCfg = Debug|Any CPU
		{B60A00D0-E24F-4DBD-8F9D-5B76E205AD6E}.Debug|Any CPU.Build.0 = Debug|Any CPU
		{B60A00D0-E24F-4DBD-8F9D-5B76E205AD6E}.Release|Any CPU.ActiveCfg = Release|Any CPU
		{B60A00D0-E24F-4DBD-8F9D-5B76E205AD6E}.Release|Any CPU.Build.0 = Release|Any CPU
		{B81E5BC9-1E31-455B-9C95-E15CEB50BE7D}.Debug|Any CPU.ActiveCfg = Debug|Any CPU
		{B81E5BC9-1E31-455B-9C95-E15CEB50BE7D}.Debug|Any CPU.Build.0 = Debug|Any CPU
		{B81E5BC9-1E31-455B-9C95-E15CEB50BE7D}.Release|Any CPU.ActiveCfg = Release|Any CPU
		{B81E5BC9-1E31-455B-9C95-E15CEB50BE7D}.Release|Any CPU.Build.0 = Release|Any CPU
		{F5AA28EE-6D99-4E3A-8EAC-F47AEB1ECE1C}.Debug|Any CPU.ActiveCfg = Debug|Any CPU
		{F5AA28EE-6D99-4E3A-8EAC-F47AEB1ECE1C}.Debug|Any CPU.Build.0 = Debug|Any CPU
		{F5AA28EE-6D99-4E3A-8EAC-F47AEB1ECE1C}.Release|Any CPU.ActiveCfg = Release|Any CPU
		{F5AA28EE-6D99-4E3A-8EAC-F47AEB1ECE1C}.Release|Any CPU.Build.0 = Release|Any CPU
	EndGlobalSection
	GlobalSection(SolutionProperties) = preSolution
		HideSolutionNode = FALSE
	EndGlobalSection
	GlobalSection(ExtensibilityGlobals) = postSolution
		SolutionGuid = {BE5EA560-7E8B-4659-8C4D-2781671A1B5C}
	EndGlobalSection
EndGlobal
